
Microsoft Visual Studio Solution File, Format Version 12.00
# Visual Studio Version 16
VisualStudioVersion = 16.0.30104.148
MinimumVisualStudioVersion = 10.0.40219.1
Project("{F2A71F9B-5D33-465A-A702-920D77279786}") = "13", "13\13.fsproj", "{EEAC2767-9D03-4A80-AADE-8B440C8B2D5E}"
EndProject
Global
	GlobalSection(SolutionConfigurationPlatforms) = preSolution
		Debug|Any CPU = Debug|Any CPU
		Release|Any CPU = Release|Any CPU
	EndGlobalSection
	GlobalSection(ProjectConfigurationPlatforms) = postSolution
		{EEAC2767-9D03-4A80-AADE-8B440C8B2D5E}.Debug|Any CPU.ActiveCfg = Debug|Any CPU
		{EEAC2767-9D03-4A80-AADE-8B440C8B2D5E}.Debug|Any CPU.Build.0 = Debug|Any CPU
		{EEAC2767-9D03-4A80-AADE-8B440C8B2D5E}.Release|Any CPU.ActiveCfg = Release|Any CPU
		{EEAC2767-9D03-4A80-AADE-8B440C8B2D5E}.Release|Any CPU.Build.0 = Release|Any CPU
	EndGlobalSection
	GlobalSection(SolutionProperties) = preSolution
		HideSolutionNode = FALSE
	EndGlobalSection
	GlobalSection(ExtensibilityGlobals) = postSolution
		SolutionGuid = {1162AB1E-B335-4683-B58B-D11DA4B94E1F}
	EndGlobalSection
EndGlobal
